// !$*UTF8*$!
{
	archiveVersion = 1;
	classes = {
	};
	objectVersion = 56;
	objects = {

/* Begin PBXBuildFile section */
		1F4229D22A176AB500A97608 /* MyLinkApp.swift in Sources */ = {isa = PBXBuildFile; fileRef = 1F4229D12A176AB500A97608 /* MyLinkApp.swift */; };
		1F4229D42A176AB500A97608 /* ContentView.swift in Sources */ = {isa = PBXBuildFile; fileRef = 1F4229D32A176AB500A97608 /* ContentView.swift */; };
		1F4229D62A176AB600A97608 /* Assets.xcassets in Resources */ = {isa = PBXBuildFile; fileRef = 1F4229D52A176AB600A97608 /* Assets.xcassets */; };
		1F4229D92A176AB600A97608 /* Preview Assets.xcassets in Resources */ = {isa = PBXBuildFile; fileRef = 1F4229D82A176AB600A97608 /* Preview Assets.xcassets */; };
		1F4229DB2A176AB600A97608 /* Persistence.swift in Sources */ = {isa = PBXBuildFile; fileRef = 1F4229DA2A176AB600A97608 /* Persistence.swift */; };
		1F4229DE2A176AB600A97608 /* MyLink.xcdatamodeld in Sources */ = {isa = PBXBuildFile; fileRef = 1F4229DC2A176AB600A97608 /* MyLink.xcdatamodeld */; };
		1F4229E82A176AB600A97608 /* MyLinkTests.swift in Sources */ = {isa = PBXBuildFile; fileRef = 1F4229E72A176AB600A97608 /* MyLinkTests.swift */; };
		1F4229F22A176AB600A97608 /* MyLinkUITests.swift in Sources */ = {isa = PBXBuildFile; fileRef = 1F4229F12A176AB600A97608 /* MyLinkUITests.swift */; };
		1F4229F42A176AB600A97608 /* MyLinkUITestsLaunchTests.swift in Sources */ = {isa = PBXBuildFile; fileRef = 1F4229F32A176AB600A97608 /* MyLinkUITestsLaunchTests.swift */; };
		1F422A012A176AC500A97608 /* LandingPage.swift in Sources */ = {isa = PBXBuildFile; fileRef = 1F422A002A176AC500A97608 /* LandingPage.swift */; };
		1F422A032A176E8B00A97608 /* MapPage.swift in Sources */ = {isa = PBXBuildFile; fileRef = 1F422A022A176E8B00A97608 /* MapPage.swift */; };
		1F422A052A17713000A97608 /* SuggestedPage.swift in Sources */ = {isa = PBXBuildFile; fileRef = 1F422A042A17713000A97608 /* SuggestedPage.swift */; };
		1F422A0B2A1A7A7B00A97608 /* RouteListPage.swift in Sources */ = {isa = PBXBuildFile; fileRef = 1F422A0A2A1A7A7B00A97608 /* RouteListPage.swift */; };
		1F4ED7C32A1F00AA000EE465 /* LocationViewModel.swift in Sources */ = {isa = PBXBuildFile; fileRef = 1F4ED7C22A1F00AA000EE465 /* LocationViewModel.swift */; };
		1FC3DCE92A1B231100B9DA19 /* ListShuttles.swift in Sources */ = {isa = PBXBuildFile; fileRef = 1FC3DCE82A1B231100B9DA19 /* ListShuttles.swift */; };
		4A1364322A1FBC3300838453 /* RouteListTemplate.swift in Sources */ = {isa = PBXBuildFile; fileRef = 4A1364312A1FBC3300838453 /* RouteListTemplate.swift */; };
		4A1364342A1FBF9E00838453 /* RouteListLast.swift in Sources */ = {isa = PBXBuildFile; fileRef = 4A1364332A1FBF9E00838453 /* RouteListLast.swift */; };
		4A1364362A1FC16000838453 /* SuggestedRouteTemplate.swift in Sources */ = {isa = PBXBuildFile; fileRef = 4A1364352A1FC16000838453 /* SuggestedRouteTemplate.swift */; };
		65685E3B2A1F18660072D637 /* ShowMapView.swift in Sources */ = {isa = PBXBuildFile; fileRef = 65685E3A2A1F18660072D637 /* ShowMapView.swift */; };
/* End PBXBuildFile section */

/* Begin PBXContainerItemProxy section */
		1F4229E42A176AB600A97608 /* PBXContainerItemProxy */ = {
			isa = PBXContainerItemProxy;
			containerPortal = 1F4229C62A176AB400A97608 /* Project object */;
			proxyType = 1;
			remoteGlobalIDString = 1F4229CD2A176AB500A97608;
			remoteInfo = MyLink;
		};
		1F4229EE2A176AB600A97608 /* PBXContainerItemProxy */ = {
			isa = PBXContainerItemProxy;
			containerPortal = 1F4229C62A176AB400A97608 /* Project object */;
			proxyType = 1;
			remoteGlobalIDString = 1F4229CD2A176AB500A97608;
			remoteInfo = MyLink;
		};
/* End PBXContainerItemProxy section */

/* Begin PBXFileReference section */
		1F4229CE2A176AB500A97608 /* MyLink.app */ = {isa = PBXFileReference; explicitFileType = wrapper.application; includeInIndex = 0; path = MyLink.app; sourceTree = BUILT_PRODUCTS_DIR; };
		1F4229D12A176AB500A97608 /* MyLinkApp.swift */ = {isa = PBXFileReference; lastKnownFileType = sourcecode.swift; path = MyLinkApp.swift; sourceTree = "<group>"; };
		1F4229D32A176AB500A97608 /* ContentView.swift */ = {isa = PBXFileReference; lastKnownFileType = sourcecode.swift; path = ContentView.swift; sourceTree = "<group>"; };
		1F4229D52A176AB600A97608 /* Assets.xcassets */ = {isa = PBXFileReference; lastKnownFileType = folder.assetcatalog; path = Assets.xcassets; sourceTree = "<group>"; };
		1F4229D82A176AB600A97608 /* Preview Assets.xcassets */ = {isa = PBXFileReference; lastKnownFileType = folder.assetcatalog; path = "Preview Assets.xcassets"; sourceTree = "<group>"; };
		1F4229DA2A176AB600A97608 /* Persistence.swift */ = {isa = PBXFileReference; lastKnownFileType = sourcecode.swift; path = Persistence.swift; sourceTree = "<group>"; };
		1F4229DD2A176AB600A97608 /* MyLink.xcdatamodel */ = {isa = PBXFileReference; lastKnownFileType = wrapper.xcdatamodel; path = MyLink.xcdatamodel; sourceTree = "<group>"; };
		1F4229E32A176AB600A97608 /* MyLinkTests.xctest */ = {isa = PBXFileReference; explicitFileType = wrapper.cfbundle; includeInIndex = 0; path = MyLinkTests.xctest; sourceTree = BUILT_PRODUCTS_DIR; };
		1F4229E72A176AB600A97608 /* MyLinkTests.swift */ = {isa = PBXFileReference; lastKnownFileType = sourcecode.swift; path = MyLinkTests.swift; sourceTree = "<group>"; };
		1F4229ED2A176AB600A97608 /* MyLinkUITests.xctest */ = {isa = PBXFileReference; explicitFileType = wrapper.cfbundle; includeInIndex = 0; path = MyLinkUITests.xctest; sourceTree = BUILT_PRODUCTS_DIR; };
		1F4229F12A176AB600A97608 /* MyLinkUITests.swift */ = {isa = PBXFileReference; lastKnownFileType = sourcecode.swift; path = MyLinkUITests.swift; sourceTree = "<group>"; };
		1F4229F32A176AB600A97608 /* MyLinkUITestsLaunchTests.swift */ = {isa = PBXFileReference; lastKnownFileType = sourcecode.swift; path = MyLinkUITestsLaunchTests.swift; sourceTree = "<group>"; };
		1F422A002A176AC500A97608 /* LandingPage.swift */ = {isa = PBXFileReference; lastKnownFileType = sourcecode.swift; path = LandingPage.swift; sourceTree = "<group>"; };
		1F422A022A176E8B00A97608 /* MapPage.swift */ = {isa = PBXFileReference; lastKnownFileType = sourcecode.swift; path = MapPage.swift; sourceTree = "<group>"; };
		1F422A042A17713000A97608 /* SuggestedPage.swift */ = {isa = PBXFileReference; lastKnownFileType = sourcecode.swift; path = SuggestedPage.swift; sourceTree = "<group>"; };
		1F422A0A2A1A7A7B00A97608 /* RouteListPage.swift */ = {isa = PBXFileReference; lastKnownFileType = sourcecode.swift; path = RouteListPage.swift; sourceTree = "<group>"; };
		1F4ED7C22A1F00AA000EE465 /* LocationViewModel.swift */ = {isa = PBXFileReference; lastKnownFileType = sourcecode.swift; path = LocationViewModel.swift; sourceTree = "<group>"; };
		1FC3DCE82A1B231100B9DA19 /* ListShuttles.swift */ = {isa = PBXFileReference; lastKnownFileType = sourcecode.swift; path = ListShuttles.swift; sourceTree = "<group>"; };
		4A1364312A1FBC3300838453 /* RouteListTemplate.swift */ = {isa = PBXFileReference; lastKnownFileType = sourcecode.swift; path = RouteListTemplate.swift; sourceTree = "<group>"; };
		4A1364332A1FBF9E00838453 /* RouteListLast.swift */ = {isa = PBXFileReference; lastKnownFileType = sourcecode.swift; path = RouteListLast.swift; sourceTree = "<group>"; };
		4A1364352A1FC16000838453 /* SuggestedRouteTemplate.swift */ = {isa = PBXFileReference; lastKnownFileType = sourcecode.swift; path = SuggestedRouteTemplate.swift; sourceTree = "<group>"; };
		65685E3A2A1F18660072D637 /* ShowMapView.swift */ = {isa = PBXFileReference; lastKnownFileType = sourcecode.swift; path = ShowMapView.swift; sourceTree = "<group>"; };
/* End PBXFileReference section */

/* Begin PBXFrameworksBuildPhase section */
		1F4229CB2A176AB500A97608 /* Frameworks */ = {
			isa = PBXFrameworksBuildPhase;
			buildActionMask = 2147483647;
			files = (
			);
			runOnlyForDeploymentPostprocessing = 0;
		};
		1F4229E02A176AB600A97608 /* Frameworks */ = {
			isa = PBXFrameworksBuildPhase;
			buildActionMask = 2147483647;
			files = (
			);
			runOnlyForDeploymentPostprocessing = 0;
		};
		1F4229EA2A176AB600A97608 /* Frameworks */ = {
			isa = PBXFrameworksBuildPhase;
			buildActionMask = 2147483647;
			files = (
			);
			runOnlyForDeploymentPostprocessing = 0;
		};
/* End PBXFrameworksBuildPhase section */

/* Begin PBXGroup section */
		1F4229C52A176AB400A97608 = {
			isa = PBXGroup;
			children = (
				1F4229D02A176AB500A97608 /* MyLink */,
				1F4229E62A176AB600A97608 /* MyLinkTests */,
				1F4229F02A176AB600A97608 /* MyLinkUITests */,
				1F4229CF2A176AB500A97608 /* Products */,
			);
			sourceTree = "<group>";
		};
		1F4229CF2A176AB500A97608 /* Products */ = {
			isa = PBXGroup;
			children = (
				1F4229CE2A176AB500A97608 /* MyLink.app */,
				1F4229E32A176AB600A97608 /* MyLinkTests.xctest */,
				1F4229ED2A176AB600A97608 /* MyLinkUITests.xctest */,
			);
			name = Products;
			sourceTree = "<group>";
		};
		1F4229D02A176AB500A97608 /* MyLink */ = {
			isa = PBXGroup;
			children = (
				1F4229D12A176AB500A97608 /* MyLinkApp.swift */,
				1F4229D32A176AB500A97608 /* ContentView.swift */,
				1FC3DCE82A1B231100B9DA19 /* ListShuttles.swift */,
				4A1364352A1FC16000838453 /* SuggestedRouteTemplate.swift */,
				1F422A002A176AC500A97608 /* LandingPage.swift */,
				1F422A022A176E8B00A97608 /* MapPage.swift */,
				1F422A042A17713000A97608 /* SuggestedPage.swift */,
				1F422A0A2A1A7A7B00A97608 /* RouteListPage.swift */,
				4A1364312A1FBC3300838453 /* RouteListTemplate.swift */,
				4A1364332A1FBF9E00838453 /* RouteListLast.swift */,
				1F4229D52A176AB600A97608 /* Assets.xcassets */,
				1F4229DA2A176AB600A97608 /* Persistence.swift */,
				1F4229DC2A176AB600A97608 /* MyLink.xcdatamodeld */,
				1F4229D72A176AB600A97608 /* Preview Content */,
				1F4ED7C22A1F00AA000EE465 /* LocationViewModel.swift */,
				65685E3A2A1F18660072D637 /* ShowMapView.swift */,
			);
			path = MyLink;
			sourceTree = "<group>";
		};
		1F4229D72A176AB600A97608 /* Preview Content */ = {
			isa = PBXGroup;
			children = (
				1F4229D82A176AB600A97608 /* Preview Assets.xcassets */,
			);
			path = "Preview Content";
			sourceTree = "<group>";
		};
		1F4229E62A176AB600A97608 /* MyLinkTests */ = {
			isa = PBXGroup;
			children = (
				1F4229E72A176AB600A97608 /* MyLinkTests.swift */,
			);
			path = MyLinkTests;
			sourceTree = "<group>";
		};
		1F4229F02A176AB600A97608 /* MyLinkUITests */ = {
			isa = PBXGroup;
			children = (
				1F4229F12A176AB600A97608 /* MyLinkUITests.swift */,
				1F4229F32A176AB600A97608 /* MyLinkUITestsLaunchTests.swift */,
			);
			path = MyLinkUITests;
			sourceTree = "<group>";
		};
/* End PBXGroup section */

/* Begin PBXNativeTarget section */
		1F4229CD2A176AB500A97608 /* MyLink */ = {
			isa = PBXNativeTarget;
			buildConfigurationList = 1F4229F72A176AB600A97608 /* Build configuration list for PBXNativeTarget "MyLink" */;
			buildPhases = (
				1F4229CA2A176AB500A97608 /* Sources */,
				1F4229CB2A176AB500A97608 /* Frameworks */,
				1F4229CC2A176AB500A97608 /* Resources */,
			);
			buildRules = (
			);
			dependencies = (
			);
			name = MyLink;
			productName = MyLink;
			productReference = 1F4229CE2A176AB500A97608 /* MyLink.app */;
			productType = "com.apple.product-type.application";
		};
		1F4229E22A176AB600A97608 /* MyLinkTests */ = {
			isa = PBXNativeTarget;
			buildConfigurationList = 1F4229FA2A176AB600A97608 /* Build configuration list for PBXNativeTarget "MyLinkTests" */;
			buildPhases = (
				1F4229DF2A176AB600A97608 /* Sources */,
				1F4229E02A176AB600A97608 /* Frameworks */,
				1F4229E12A176AB600A97608 /* Resources */,
			);
			buildRules = (
			);
			dependencies = (
				1F4229E52A176AB600A97608 /* PBXTargetDependency */,
			);
			name = MyLinkTests;
			productName = MyLinkTests;
			productReference = 1F4229E32A176AB600A97608 /* MyLinkTests.xctest */;
			productType = "com.apple.product-type.bundle.unit-test";
		};
		1F4229EC2A176AB600A97608 /* MyLinkUITests */ = {
			isa = PBXNativeTarget;
			buildConfigurationList = 1F4229FD2A176AB600A97608 /* Build configuration list for PBXNativeTarget "MyLinkUITests" */;
			buildPhases = (
				1F4229E92A176AB600A97608 /* Sources */,
				1F4229EA2A176AB600A97608 /* Frameworks */,
				1F4229EB2A176AB600A97608 /* Resources */,
			);
			buildRules = (
			);
			dependencies = (
				1F4229EF2A176AB600A97608 /* PBXTargetDependency */,
			);
			name = MyLinkUITests;
			productName = MyLinkUITests;
			productReference = 1F4229ED2A176AB600A97608 /* MyLinkUITests.xctest */;
			productType = "com.apple.product-type.bundle.ui-testing";
		};
/* End PBXNativeTarget section */

/* Begin PBXProject section */
		1F4229C62A176AB400A97608 /* Project object */ = {
			isa = PBXProject;
			attributes = {
				BuildIndependentTargetsInParallel = 1;
				LastSwiftUpdateCheck = 1420;
				LastUpgradeCheck = 1420;
				TargetAttributes = {
					1F4229CD2A176AB500A97608 = {
						CreatedOnToolsVersion = 14.2;
					};
					1F4229E22A176AB600A97608 = {
						CreatedOnToolsVersion = 14.2;
						TestTargetID = 1F4229CD2A176AB500A97608;
					};
					1F4229EC2A176AB600A97608 = {
						CreatedOnToolsVersion = 14.2;
						TestTargetID = 1F4229CD2A176AB500A97608;
					};
				};
			};
			buildConfigurationList = 1F4229C92A176AB500A97608 /* Build configuration list for PBXProject "MyLink" */;
			compatibilityVersion = "Xcode 14.0";
			developmentRegion = en;
			hasScannedForEncodings = 0;
			knownRegions = (
				en,
				Base,
			);
			mainGroup = 1F4229C52A176AB400A97608;
			productRefGroup = 1F4229CF2A176AB500A97608 /* Products */;
			projectDirPath = "";
			projectRoot = "";
			targets = (
				1F4229CD2A176AB500A97608 /* MyLink */,
				1F4229E22A176AB600A97608 /* MyLinkTests */,
				1F4229EC2A176AB600A97608 /* MyLinkUITests */,
			);
		};
/* End PBXProject section */

/* Begin PBXResourcesBuildPhase section */
		1F4229CC2A176AB500A97608 /* Resources */ = {
			isa = PBXResourcesBuildPhase;
			buildActionMask = 2147483647;
			files = (
				1F4229D92A176AB600A97608 /* Preview Assets.xcassets in Resources */,
				1F4229D62A176AB600A97608 /* Assets.xcassets in Resources */,
			);
			runOnlyForDeploymentPostprocessing = 0;
		};
		1F4229E12A176AB600A97608 /* Resources */ = {
			isa = PBXResourcesBuildPhase;
			buildActionMask = 2147483647;
			files = (
			);
			runOnlyForDeploymentPostprocessing = 0;
		};
		1F4229EB2A176AB600A97608 /* Resources */ = {
			isa = PBXResourcesBuildPhase;
			buildActionMask = 2147483647;
			files = (
			);
			runOnlyForDeploymentPostprocessing = 0;
		};
/* End PBXResourcesBuildPhase section */

/* Begin PBXSourcesBuildPhase section */
		1F4229CA2A176AB500A97608 /* Sources */ = {
			isa = PBXSourcesBuildPhase;
			buildActionMask = 2147483647;
			files = (
				4A1364342A1FBF9E00838453 /* RouteListLast.swift in Sources */,
				4A1364362A1FC16000838453 /* SuggestedRouteTemplate.swift in Sources */,
				1F422A052A17713000A97608 /* SuggestedPage.swift in Sources */,
				1FC3DCE92A1B231100B9DA19 /* ListShuttles.swift in Sources */,
				1F4229DB2A176AB600A97608 /* Persistence.swift in Sources */,
				65685E3B2A1F18660072D637 /* ShowMapView.swift in Sources */,
				1F422A012A176AC500A97608 /* LandingPage.swift in Sources */,
				1F4ED7C32A1F00AA000EE465 /* LocationViewModel.swift in Sources */,
				1F4229D42A176AB500A97608 /* ContentView.swift in Sources */,
				1F422A032A176E8B00A97608 /* MapPage.swift in Sources */,
				1F4229D22A176AB500A97608 /* MyLinkApp.swift in Sources */,
				4A1364322A1FBC3300838453 /* RouteListTemplate.swift in Sources */,
				1F422A0B2A1A7A7B00A97608 /* RouteListPage.swift in Sources */,
				1F4229DE2A176AB600A97608 /* MyLink.xcdatamodeld in Sources */,
			);
			runOnlyForDeploymentPostprocessing = 0;
		};
		1F4229DF2A176AB600A97608 /* Sources */ = {
			isa = PBXSourcesBuildPhase;
			buildActionMask = 2147483647;
			files = (
				1F4229E82A176AB600A97608 /* MyLinkTests.swift in Sources */,
			);
			runOnlyForDeploymentPostprocessing = 0;
		};
		1F4229E92A176AB600A97608 /* Sources */ = {
			isa = PBXSourcesBuildPhase;
			buildActionMask = 2147483647;
			files = (
				1F4229F42A176AB600A97608 /* MyLinkUITestsLaunchTests.swift in Sources */,
				1F4229F22A176AB600A97608 /* MyLinkUITests.swift in Sources */,
			);
			runOnlyForDeploymentPostprocessing = 0;
		};
/* End PBXSourcesBuildPhase section */

/* Begin PBXTargetDependency section */
		1F4229E52A176AB600A97608 /* PBXTargetDependency */ = {
			isa = PBXTargetDependency;
			target = 1F4229CD2A176AB500A97608 /* MyLink */;
			targetProxy = 1F4229E42A176AB600A97608 /* PBXContainerItemProxy */;
		};
		1F4229EF2A176AB600A97608 /* PBXTargetDependency */ = {
			isa = PBXTargetDependency;
			target = 1F4229CD2A176AB500A97608 /* MyLink */;
			targetProxy = 1F4229EE2A176AB600A97608 /* PBXContainerItemProxy */;
		};
/* End PBXTargetDependency section */

/* Begin XCBuildConfiguration section */
		1F4229F52A176AB600A97608 /* Debug */ = {
			isa = XCBuildConfiguration;
			buildSettings = {
				ALWAYS_SEARCH_USER_PATHS = NO;
				CLANG_ANALYZER_NONNULL = YES;
				CLANG_ANALYZER_NUMBER_OBJECT_CONVERSION = YES_AGGRESSIVE;
				CLANG_CXX_LANGUAGE_STANDARD = "gnu++20";
				CLANG_ENABLE_MODULES = YES;
				CLANG_ENABLE_OBJC_ARC = YES;
				CLANG_ENABLE_OBJC_WEAK = YES;
				CLANG_WARN_BLOCK_CAPTURE_AUTORELEASING = YES;
				CLANG_WARN_BOOL_CONVERSION = YES;
				CLANG_WARN_COMMA = YES;
				CLANG_WARN_CONSTANT_CONVERSION = YES;
				CLANG_WARN_DEPRECATED_OBJC_IMPLEMENTATIONS = YES;
				CLANG_WARN_DIRECT_OBJC_ISA_USAGE = YES_ERROR;
				CLANG_WARN_DOCUMENTATION_COMMENTS = YES;
				CLANG_WARN_EMPTY_BODY = YES;
				CLANG_WARN_ENUM_CONVERSION = YES;
				CLANG_WARN_INFINITE_RECURSION = YES;
				CLANG_WARN_INT_CONVERSION = YES;
				CLANG_WARN_NON_LITERAL_NULL_CONVERSION = YES;
				CLANG_WARN_OBJC_IMPLICIT_RETAIN_SELF = YES;
				CLANG_WARN_OBJC_LITERAL_CONVERSION = YES;
				CLANG_WARN_OBJC_ROOT_CLASS = YES_ERROR;
				CLANG_WARN_QUOTED_INCLUDE_IN_FRAMEWORK_HEADER = YES;
				CLANG_WARN_RANGE_LOOP_ANALYSIS = YES;
				CLANG_WARN_STRICT_PROTOTYPES = YES;
				CLANG_WARN_SUSPICIOUS_MOVE = YES;
				CLANG_WARN_UNGUARDED_AVAILABILITY = YES_AGGRESSIVE;
				CLANG_WARN_UNREACHABLE_CODE = YES;
				CLANG_WARN__DUPLICATE_METHOD_MATCH = YES;
				COPY_PHASE_STRIP = NO;
				DEBUG_INFORMATION_FORMAT = dwarf;
				ENABLE_STRICT_OBJC_MSGSEND = YES;
				ENABLE_TESTABILITY = YES;
				GCC_C_LANGUAGE_STANDARD = gnu11;
				GCC_DYNAMIC_NO_PIC = NO;
				GCC_NO_COMMON_BLOCKS = YES;
				GCC_OPTIMIZATION_LEVEL = 0;
				GCC_PREPROCESSOR_DEFINITIONS = (
					"DEBUG=1",
					"$(inherited)",
				);
				GCC_WARN_64_TO_32_BIT_CONVERSION = YES;
				GCC_WARN_ABOUT_RETURN_TYPE = YES_ERROR;
				GCC_WARN_UNDECLARED_SELECTOR = YES;
				GCC_WARN_UNINITIALIZED_AUTOS = YES_AGGRESSIVE;
				GCC_WARN_UNUSED_FUNCTION = YES;
				GCC_WARN_UNUSED_VARIABLE = YES;
				IPHONEOS_DEPLOYMENT_TARGET = 16.2;
				MTL_ENABLE_DEBUG_INFO = INCLUDE_SOURCE;
				MTL_FAST_MATH = YES;
				ONLY_ACTIVE_ARCH = YES;
				SDKROOT = iphoneos;
				SWIFT_ACTIVE_COMPILATION_CONDITIONS = DEBUG;
				SWIFT_OPTIMIZATION_LEVEL = "-Onone";
			};
			name = Debug;
		};
		1F4229F62A176AB600A97608 /* Release */ = {
			isa = XCBuildConfiguration;
			buildSettings = {
				ALWAYS_SEARCH_USER_PATHS = NO;
				CLANG_ANALYZER_NONNULL = YES;
				CLANG_ANALYZER_NUMBER_OBJECT_CONVERSION = YES_AGGRESSIVE;
				CLANG_CXX_LANGUAGE_STANDARD = "gnu++20";
				CLANG_ENABLE_MODULES = YES;
				CLANG_ENABLE_OBJC_ARC = YES;
				CLANG_ENABLE_OBJC_WEAK = YES;
				CLANG_WARN_BLOCK_CAPTURE_AUTORELEASING = YES;
				CLANG_WARN_BOOL_CONVERSION = YES;
				CLANG_WARN_COMMA = YES;
				CLANG_WARN_CONSTANT_CONVERSION = YES;
				CLANG_WARN_DEPRECATED_OBJC_IMPLEMENTATIONS = YES;
				CLANG_WARN_DIRECT_OBJC_ISA_USAGE = YES_ERROR;
				CLANG_WARN_DOCUMENTATION_COMMENTS = YES;
				CLANG_WARN_EMPTY_BODY = YES;
				CLANG_WARN_ENUM_CONVERSION = YES;
				CLANG_WARN_INFINITE_RECURSION = YES;
				CLANG_WARN_INT_CONVERSION = YES;
				CLANG_WARN_NON_LITERAL_NULL_CONVERSION = YES;
				CLANG_WARN_OBJC_IMPLICIT_RETAIN_SELF = YES;
				CLANG_WARN_OBJC_LITERAL_CONVERSION = YES;
				CLANG_WARN_OBJC_ROOT_CLASS = YES_ERROR;
				CLANG_WARN_QUOTED_INCLUDE_IN_FRAMEWORK_HEADER = YES;
				CLANG_WARN_RANGE_LOOP_ANALYSIS = YES;
				CLANG_WARN_STRICT_PROTOTYPES = YES;
				CLANG_WARN_SUSPICIOUS_MOVE = YES;
				CLANG_WARN_UNGUARDED_AVAILABILITY = YES_AGGRESSIVE;
				CLANG_WARN_UNREACHABLE_CODE = YES;
				CLANG_WARN__DUPLICATE_METHOD_MATCH = YES;
				COPY_PHASE_STRIP = NO;
				DEBUG_INFORMATION_FORMAT = "dwarf-with-dsym";
				ENABLE_NS_ASSERTIONS = NO;
				ENABLE_STRICT_OBJC_MSGSEND = YES;
				GCC_C_LANGUAGE_STANDARD = gnu11;
				GCC_NO_COMMON_BLOCKS = YES;
				GCC_WARN_64_TO_32_BIT_CONVERSION = YES;
				GCC_WARN_ABOUT_RETURN_TYPE = YES_ERROR;
				GCC_WARN_UNDECLARED_SELECTOR = YES;
				GCC_WARN_UNINITIALIZED_AUTOS = YES_AGGRESSIVE;
				GCC_WARN_UNUSED_FUNCTION = YES;
				GCC_WARN_UNUSED_VARIABLE = YES;
				IPHONEOS_DEPLOYMENT_TARGET = 16.2;
				MTL_ENABLE_DEBUG_INFO = NO;
				MTL_FAST_MATH = YES;
				SDKROOT = iphoneos;
				SWIFT_COMPILATION_MODE = wholemodule;
				SWIFT_OPTIMIZATION_LEVEL = "-O";
				VALIDATE_PRODUCT = YES;
			};
			name = Release;
		};
		1F4229F82A176AB600A97608 /* Debug */ = {
			isa = XCBuildConfiguration;
			buildSettings = {
				ASSETCATALOG_COMPILER_APPICON_NAME = AppIcon;
				ASSETCATALOG_COMPILER_GLOBAL_ACCENT_COLOR_NAME = AccentColor;
				ASSETCATALOG_COMPILER_INCLUDE_ALL_APPICON_ASSETS = YES;
				CODE_SIGN_STYLE = Automatic;
				CURRENT_PROJECT_VERSION = 1;
				DEVELOPMENT_ASSET_PATHS = "\"MyLink/Preview Content\"";
				DEVELOPMENT_TEAM = HJ3P67F34S;
				ENABLE_PREVIEWS = YES;
				GENERATE_INFOPLIST_FILE = YES;
				INFOPLIST_KEY_NSLocationAlwaysAndWhenInUseUsageDescription = "";
				INFOPLIST_KEY_NSLocationWhenInUseUsageDescription = "qw;elqlkwmelqkwem";
				INFOPLIST_KEY_UIApplicationSceneManifest_Generation = YES;
				INFOPLIST_KEY_UIApplicationSupportsIndirectInputEvents = YES;
				INFOPLIST_KEY_UILaunchScreen_Generation = YES;
				INFOPLIST_KEY_UISupportedInterfaceOrientations_iPad = "UIInterfaceOrientationPortrait UIInterfaceOrientationPortraitUpsideDown UIInterfaceOrientationLandscapeLeft UIInterfaceOrientationLandscapeRight";
				INFOPLIST_KEY_UISupportedInterfaceOrientations_iPhone = "UIInterfaceOrientationPortrait UIInterfaceOrientationLandscapeLeft UIInterfaceOrientationLandscapeRight";
				LD_RUNPATH_SEARCH_PATHS = (
					"$(inherited)",
					"@executable_path/Frameworks",
				);
				MARKETING_VERSION = 1.0;
				PRODUCT_BUNDLE_IDENTIFIER = com.mobile.hannah.MyLink;
				PRODUCT_NAME = "$(TARGET_NAME)";
				SWIFT_EMIT_LOC_STRINGS = YES;
				SWIFT_VERSION = 5.0;
				TARGETED_DEVICE_FAMILY = "1,2";
			};
			name = Debug;
		};
		1F4229F92A176AB600A97608 /* Release */ = {
			isa = XCBuildConfiguration;
			buildSettings = {
				ASSETCATALOG_COMPILER_APPICON_NAME = AppIcon;
				ASSETCATALOG_COMPILER_GLOBAL_ACCENT_COLOR_NAME = AccentColor;
				ASSETCATALOG_COMPILER_INCLUDE_ALL_APPICON_ASSETS = YES;
				CODE_SIGN_STYLE = Automatic;
				CURRENT_PROJECT_VERSION = 1;
				DEVELOPMENT_ASSET_PATHS = "\"MyLink/Preview Content\"";
				DEVELOPMENT_TEAM = HJ3P67F34S;
				ENABLE_PREVIEWS = YES;
				GENERATE_INFOPLIST_FILE = YES;
				INFOPLIST_KEY_NSLocationAlwaysAndWhenInUseUsageDescription = "";
				INFOPLIST_KEY_NSLocationWhenInUseUsageDescription = "qw;elqlkwmelqkwem";
				INFOPLIST_KEY_UIApplicationSceneManifest_Generation = YES;
				INFOPLIST_KEY_UIApplicationSupportsIndirectInputEvents = YES;
				INFOPLIST_KEY_UILaunchScreen_Generation = YES;
				INFOPLIST_KEY_UISupportedInterfaceOrientations_iPad = "UIInterfaceOrientationPortrait UIInterfaceOrientationPortraitUpsideDown UIInterfaceOrientationLandscapeLeft UIInterfaceOrientationLandscapeRight";
				INFOPLIST_KEY_UISupportedInterfaceOrientations_iPhone = "UIInterfaceOrientationPortrait UIInterfaceOrientationLandscapeLeft UIInterfaceOrientationLandscapeRight";
				LD_RUNPATH_SEARCH_PATHS = (
					"$(inherited)",
					"@executable_path/Frameworks",
				);
				MARKETING_VERSION = 1.0;
				PRODUCT_BUNDLE_IDENTIFIER = com.mobile.hannah.MyLink;
				PRODUCT_NAME = "$(TARGET_NAME)";
				SWIFT_EMIT_LOC_STRINGS = YES;
				SWIFT_VERSION = 5.0;
				TARGETED_DEVICE_FAMILY = "1,2";
			};
			name = Release;
		};
		1F4229FB2A176AB600A97608 /* Debug */ = {
			isa = XCBuildConfiguration;
			buildSettings = {
				ALWAYS_EMBED_SWIFT_STANDARD_LIBRARIES = YES;
				BUNDLE_LOADER = "$(TEST_HOST)";
				CODE_SIGN_STYLE = Automatic;
				CURRENT_PROJECT_VERSION = 1;
				GENERATE_INFOPLIST_FILE = YES;
				IPHONEOS_DEPLOYMENT_TARGET = 16.2;
				MARKETING_VERSION = 1.0;
				PRODUCT_BUNDLE_IDENTIFIER = com.mobile.hannah.MyLinkTests;
				PRODUCT_NAME = "$(TARGET_NAME)";
				SWIFT_EMIT_LOC_STRINGS = NO;
				SWIFT_VERSION = 5.0;
				TARGETED_DEVICE_FAMILY = "1,2";
				TEST_HOST = "$(BUILT_PRODUCTS_DIR)/MyLink.app/$(BUNDLE_EXECUTABLE_FOLDER_PATH)/MyLink";
			};
			name = Debug;
		};
		1F4229FC2A176AB600A97608 /* Release */ = {
			isa = XCBuildConfiguration;
			buildSettings = {
				ALWAYS_EMBED_SWIFT_STANDARD_LIBRARIES = YES;
				BUNDLE_LOADER = "$(TEST_HOST)";
				CODE_SIGN_STYLE = Automatic;
				CURRENT_PROJECT_VERSION = 1;
				GENERATE_INFOPLIST_FILE = YES;
				IPHONEOS_DEPLOYMENT_TARGET = 16.2;
				MARKETING_VERSION = 1.0;
				PRODUCT_BUNDLE_IDENTIFIER = com.mobile.hannah.MyLinkTests;
				PRODUCT_NAME = "$(TARGET_NAME)";
				SWIFT_EMIT_LOC_STRINGS = NO;
				SWIFT_VERSION = 5.0;
				TARGETED_DEVICE_FAMILY = "1,2";
				TEST_HOST = "$(BUILT_PRODUCTS_DIR)/MyLink.app/$(BUNDLE_EXECUTABLE_FOLDER_PATH)/MyLink";
			};
			name = Release;
		};
		1F4229FE2A176AB600A97608 /* Debug */ = {
			isa = XCBuildConfiguration;
			buildSettings = {
				ALWAYS_EMBED_SWIFT_STANDARD_LIBRARIES = YES;
				CODE_SIGN_STYLE = Automatic;
				CURRENT_PROJECT_VERSION = 1;
				GENERATE_INFOPLIST_FILE = YES;
				MARKETING_VERSION = 1.0;
				PRODUCT_BUNDLE_IDENTIFIER = com.mobile.hannah.MyLinkUITests;
				PRODUCT_NAME = "$(TARGET_NAME)";
				SWIFT_EMIT_LOC_STRINGS = NO;
				SWIFT_VERSION = 5.0;
				TARGETED_DEVICE_FAMILY = "1,2";
				TEST_TARGET_NAME = MyLink;
			};
			name = Debug;
		};
		1F4229FF2A176AB600A97608 /* Release */ = {
			isa = XCBuildConfiguration;
			buildSettings = {
				ALWAYS_EMBED_SWIFT_STANDARD_LIBRARIES = YES;
				CODE_SIGN_STYLE = Automatic;
				CURRENT_PROJECT_VERSION = 1;
				GENERATE_INFOPLIST_FILE = YES;
				MARKETING_VERSION = 1.0;
				PRODUCT_BUNDLE_IDENTIFIER = com.mobile.hannah.MyLinkUITests;
				PRODUCT_NAME = "$(TARGET_NAME)";
				SWIFT_EMIT_LOC_STRINGS = NO;
				SWIFT_VERSION = 5.0;
				TARGETED_DEVICE_FAMILY = "1,2";
				TEST_TARGET_NAME = MyLink;
			};
			name = Release;
		};
/* End XCBuildConfiguration section */

/* Begin XCConfigurationList section */
		1F4229C92A176AB500A97608 /* Build configuration list for PBXProject "MyLink" */ = {
			isa = XCConfigurationList;
			buildConfigurations = (
				1F4229F52A176AB600A97608 /* Debug */,
				1F4229F62A176AB600A97608 /* Release */,
			);
			defaultConfigurationIsVisible = 0;
			defaultConfigurationName = Release;
		};
		1F4229F72A176AB600A97608 /* Build configuration list for PBXNativeTarget "MyLink" */ = {
			isa = XCConfigurationList;
			buildConfigurations = (
				1F4229F82A176AB600A97608 /* Debug */,
				1F4229F92A176AB600A97608 /* Release */,
			);
			defaultConfigurationIsVisible = 0;
			defaultConfigurationName = Release;
		};
		1F4229FA2A176AB600A97608 /* Build configuration list for PBXNativeTarget "MyLinkTests" */ = {
			isa = XCConfigurationList;
			buildConfigurations = (
				1F4229FB2A176AB600A97608 /* Debug */,
				1F4229FC2A176AB600A97608 /* Release */,
			);
			defaultConfigurationIsVisible = 0;
			defaultConfigurationName = Release;
		};
		1F4229FD2A176AB600A97608 /* Build configuration list for PBXNativeTarget "MyLinkUITests" */ = {
			isa = XCConfigurationList;
			buildConfigurations = (
				1F4229FE2A176AB600A97608 /* Debug */,
				1F4229FF2A176AB600A97608 /* Release */,
			);
			defaultConfigurationIsVisible = 0;
			defaultConfigurationName = Release;
		};
/* End XCConfigurationList section */

/* Begin XCVersionGroup section */
		1F4229DC2A176AB600A97608 /* MyLink.xcdatamodeld */ = {
			isa = XCVersionGroup;
			children = (
				1F4229DD2A176AB600A97608 /* MyLink.xcdatamodel */,
			);
			currentVersion = 1F4229DD2A176AB600A97608 /* MyLink.xcdatamodel */;
			path = MyLink.xcdatamodeld;
			sourceTree = "<group>";
			versionGroupType = wrapper.xcdatamodel;
		};
/* End XCVersionGroup section */
	};
	rootObject = 1F4229C62A176AB400A97608 /* Project object */;
}
